<?xml version="1.0" encoding="utf-8"?>
<Project ToolsVersion="4.0" xmlns="http://schemas.microsoft.com/developer/msbuild/2003">
  <ItemGroup>
    <Filter Include="Файлы ресурсов">
      <UniqueIdentifier>{67DA6AB6-F800-4c08-8B7A-83BB121AAD01}</UniqueIdentifier>
      <Extensions>rc;ico;cur;bmp;dlg;rc2;rct;bin;rgs;gif;jpg;jpeg;jpe;resx;tiff;tif;png;wav;mfcribbon-ms</Extensions>
    </Filter>
    <Filter Include="depends">
      <UniqueIdentifier>{ddf95b7a-b5c6-4696-af77-2b6af076d3c9}</UniqueIdentifier>
    </Filter>
    <Filter Include="depends\obse64">
      <UniqueIdentifier>{ade133d6-ce92-46f4-aa5f-27d880a51101}</UniqueIdentifier>
    </Filter>
    <Filter Include="depends\typeinfo">
      <UniqueIdentifier>{8347db77-8e5e-4fc8-a1f7-dc27762ff6d7}</UniqueIdentifier>
    </Filter>
    <Filter Include="depends\f4se_common">
      <UniqueIdentifier>{c5a6d1a1-55d4-4c55-bee6-08fbe8d45c51}</UniqueIdentifier>
    </Filter>
    <Filter Include="patches">
      <UniqueIdentifier>{60702646-8d2a-409a-acb6-43acbeb6b31d}</UniqueIdentifier>
    </Filter>
    <Filter Include="fixes">
      <UniqueIdentifier>{af8cbab0-31a2-4dd3-b87e-df2e7ae2024b}</UniqueIdentifier>
    </Filter>
    <Filter Include="hooks">
      <UniqueIdentifier>{41cfb548-74c6-40d6-9fa7-f1eaae2e3ef8}</UniqueIdentifier>
    </Filter>
    <Filter Include="jokes">
      <UniqueIdentifier>{7b71fbef-46af-40bf-b2bf-454b7e4f5f90}</UniqueIdentifier>
    </Filter>
    <Filter Include="gameplay">
      <UniqueIdentifier>{15aa3065-1a5c-4fff-a236-41f2cc4ee6c6}</UniqueIdentifier>
    </Filter>
  </ItemGroup>
  <ItemGroup>
    <ClInclude Include="depends\obse64\obse64\PluginManager.h">
      <Filter>depends\obse64</Filter>
    </ClInclude>
    <ClInclude Include="depends\obse64\obse64\PluginAPI.h">
      <Filter>depends\obse64</Filter>
    </ClInclude>
    <ClInclude Include="depends\obse64\obse64_common\BranchTrampoline.h">
      <Filter>depends\obse64</Filter>
    </ClInclude>
    <ClInclude Include="depends\obse64\obse64_common\BufferStream.h">
      <Filter>depends\obse64</Filter>
    </ClInclude>
    <ClInclude Include="depends\obse64\obse64_common\CoreInfo.h">
      <Filter>depends\obse64</Filter>
    </ClInclude>
    <ClInclude Include="depends\obse64\obse64_common\DataStream.h">
      <Filter>depends\obse64</Filter>
    </ClInclude>
    <ClInclude Include="depends\obse64\obse64_common\DirectoryIterator.h">
      <Filter>depends\obse64</Filter>
    </ClInclude>
    <ClInclude Include="depends\obse64\obse64_common\FileStream.h">
      <Filter>depends\obse64</Filter>
    </ClInclude>
    <ClInclude Include="depends\obse64\obse64_common\obse64_version.h">
      <Filter>depends\obse64</Filter>
    </ClInclude>
    <ClInclude Include="depends\obse64\obse64_common\Relocation.h">
      <Filter>depends\obse64</Filter>
    </ClInclude>
    <ClInclude Include="depends\obse64\obse64_common\SafeWrite.h">
      <Filter>depends\obse64</Filter>
    </ClInclude>
    <ClInclude Include="depends\obse64\obse64_common\Types.h">
      <Filter>depends\obse64</Filter>
    </ClInclude>
    <ClInclude Include="depends\obse64\obse64_common\Utilities.h">
      <Filter>depends\obse64</Filter>
    </ClInclude>
    <ClInclude Include="core\common.h" />
    <ClInclude Include="depends\typeinfo\ms_rtti.h">
      <Filter>depends\typeinfo</Filter>
    </ClInclude>
    <ClInclude Include="core\TRelocation.h" />
    <ClInclude Include="core\TUtils.h" />
    <ClInclude Include="core\TSettings.h" />
    <ClInclude Include="depends\f4se_common\f4se_common\IDataStream.h">
      <Filter>depends\f4se_common</Filter>
    </ClInclude>
    <ClInclude Include="depends\f4se_common\f4se_common\IDebugLog.h">
      <Filter>depends\f4se_common</Filter>
    </ClInclude>
    <ClInclude Include="depends\f4se_common\f4se_common\IDirectoryIterator.h">
      <Filter>depends\f4se_common</Filter>
    </ClInclude>
    <ClInclude Include="depends\f4se_common\f4se_common\IDynamicCreate.h">
      <Filter>depends\f4se_common</Filter>
    </ClInclude>
    <ClInclude Include="depends\f4se_common\f4se_common\IErrors.h">
      <Filter>depends\f4se_common</Filter>
    </ClInclude>
    <ClInclude Include="depends\f4se_common\f4se_common\IEvent.h">
      <Filter>depends\f4se_common</Filter>
    </ClInclude>
    <ClInclude Include="depends\f4se_common\f4se_common\IFIFO.h">
      <Filter>depends\f4se_common</Filter>
    </ClInclude>
    <ClInclude Include="depends\f4se_common\f4se_common\IFileStream.h">
      <Filter>depends\f4se_common</Filter>
    </ClInclude>
    <ClInclude Include="depends\f4se_common\f4se_common\IInterlockedLong.h">
      <Filter>depends\f4se_common</Filter>
    </ClInclude>
    <ClInclude Include="depends\f4se_common\f4se_common\ILinkedList.h">
      <Filter>depends\f4se_common</Filter>
    </ClInclude>
    <ClInclude Include="depends\f4se_common\f4se_common\IMemPool.h">
      <Filter>depends\f4se_common</Filter>
    </ClInclude>
    <ClInclude Include="depends\f4se_common\f4se_common\IMutex.h">
      <Filter>depends\f4se_common</Filter>
    </ClInclude>
    <ClInclude Include="depends\f4se_common\f4se_common\IPipeClient.h">
      <Filter>depends\f4se_common</Filter>
    </ClInclude>
    <ClInclude Include="depends\f4se_common\f4se_common\IPipeServer.h">
      <Filter>depends\f4se_common</Filter>
    </ClInclude>
    <ClInclude Include="depends\f4se_common\f4se_common\IRangeMap.h">
      <Filter>depends\f4se_common</Filter>
    </ClInclude>
    <ClInclude Include="depends\f4se_common\f4se_common\IReadWriteLock.h">
      <Filter>depends\f4se_common</Filter>
    </ClInclude>
    <ClInclude Include="depends\f4se_common\f4se_common\ISegmentStream.h">
      <Filter>depends\f4se_common</Filter>
    </ClInclude>
    <ClInclude Include="depends\f4se_common\f4se_common\ISingleton.h">
      <Filter>depends\f4se_common</Filter>
    </ClInclude>
    <ClInclude Include="depends\f4se_common\f4se_common\ITextParser.h">
      <Filter>depends\f4se_common</Filter>
    </ClInclude>
    <ClInclude Include="depends\f4se_common\f4se_common\IThread.h">
      <Filter>depends\f4se_common</Filter>
    </ClInclude>
    <ClInclude Include="depends\f4se_common\f4se_common\ITimer.h">
      <Filter>depends\f4se_common</Filter>
    </ClInclude>
    <ClInclude Include="depends\f4se_common\f4se_common\ITypes.h">
      <Filter>depends\f4se_common</Filter>
    </ClInclude>
    <ClInclude Include="depends\f4se_common\f4se_common\IArchive.h">
      <Filter>depends\f4se_common</Filter>
    </ClInclude>
    <ClInclude Include="depends\f4se_common\f4se_common\IBufferStream.h">
      <Filter>depends\f4se_common</Filter>
    </ClInclude>
    <ClInclude Include="depends\f4se_common\f4se_common\IConsole.h">
      <Filter>depends\f4se_common</Filter>
    </ClInclude>
    <ClInclude Include="depends\f4se_common\f4se_common\ICriticalSection.h">
      <Filter>depends\f4se_common</Filter>
    </ClInclude>
    <ClInclude Include="depends\f4se_common\f4se_common\IDatabase.h">
      <Filter>depends\f4se_common</Filter>
    </ClInclude>
    <ClInclude Include="core\TModSettings.h" />
    <ClInclude Include="core\TMaxStdio.h">
      <Filter>patches</Filter>
    </ClInclude>
    <ClInclude Include="core\TMemory.h">
      <Filter>patches</Filter>
    </ClInclude>
    <ClInclude Include="core\TThreads.h">
      <Filter>patches</Filter>
    </ClInclude>
    <ClInclude Include="core\TTime.h" />
    <ClInclude Include="core\TLoadScreen.h">
      <Filter>patches</Filter>
    </ClInclude>
    <ClInclude Include="core\TSafeExit.h">
      <Filter>fixes</Filter>
    </ClInclude>
    <ClInclude Include="core\TFFXQueryCrash.h">
      <Filter>fixes</Filter>
    </ClInclude>
    <ClInclude Include="core\THookDataHandler.h">
      <Filter>hooks</Filter>
    </ClInclude>
    <ClInclude Include="core\THookMenuSettings.h">
      <Filter>hooks</Filter>
    </ClInclude>
    <ClInclude Include="core\TModVersion.h" />
    <ClInclude Include="core\TJokeFriendship.h">
      <Filter>jokes</Filter>
    </ClInclude>
    <ClInclude Include="core\TWithoutPrefixNL.h">
      <Filter>fixes</Filter>
    </ClInclude>
    <ClInclude Include="core\THookCommandTable.h">
      <Filter>hooks</Filter>
    </ClInclude>
    <ClInclude Include="core\TNoTradeItemConfirmMessage.h">
      <Filter>gameplay</Filter>
    </ClInclude>
    <ClInclude Include="core\TNoPoisonConfirmMessage.h">
      <Filter>gameplay</Filter>
    </ClInclude>
    <ClInclude Include="core\TNoScriptMessageBox.h">
      <Filter>gameplay</Filter>
    </ClInclude>
    <ClInclude Include="core\TNoTradeSpellConfirmMessage.h">
      <Filter>gameplay</Filter>
    </ClInclude>
    <ClInclude Include="core\TNoRechargeConfirmMessage.h">
      <Filter>gameplay</Filter>
    </ClInclude>
    <ClInclude Include="core\TNoRepairConfirmMessage.h">
      <Filter>gameplay</Filter>
    </ClInclude>
  </ItemGroup>
  <ItemGroup>
    <ClCompile Include="depends\obse64\obse64\PluginManager.cpp">
      <Filter>depends\obse64</Filter>
    </ClCompile>
    <ClCompile Include="depends\obse64\obse64_common\BufferStream.cpp">
      <Filter>depends\obse64</Filter>
    </ClCompile>
    <ClCompile Include="depends\obse64\obse64_common\DataStream.cpp">
      <Filter>depends\obse64</Filter>
    </ClCompile>
    <ClCompile Include="depends\obse64\obse64_common\DirectoryIterator.cpp">
      <Filter>depends\obse64</Filter>
    </ClCompile>
    <ClCompile Include="depends\obse64\obse64_common\FileStream.cpp">
      <Filter>depends\obse64</Filter>
    </ClCompile>
    <ClCompile Include="depends\obse64\obse64_common\Relocation.cpp">
      <Filter>depends\obse64</Filter>
    </ClCompile>
    <ClCompile Include="depends\obse64\obse64_common\SafeWrite.cpp">
      <Filter>depends\obse64</Filter>
    </ClCompile>
    <ClCompile Include="depends\obse64\obse64_common\Utilities.cpp">
      <Filter>depends\obse64</Filter>
    </ClCompile>
    <ClCompile Include="depends\obse64\obse64_common\BranchTrampoline.cpp">
      <Filter>depends\obse64</Filter>
    </ClCompile>
    <ClCompile Include="dllmain.cpp" />
    <ClCompile Include="depends\typeinfo\ms_rtti.cpp">
      <Filter>depends\typeinfo</Filter>
    </ClCompile>
    <ClCompile Include="core\TRelocation.cpp" />
    <ClCompile Include="core\TUtils.cpp" />
    <ClCompile Include="core\TSettings.cpp" />
    <ClCompile Include="depends\f4se_common\f4se_common\IDataStream.cpp">
      <Filter>depends\f4se_common</Filter>
    </ClCompile>
    <ClCompile Include="depends\f4se_common\f4se_common\IDebugLog.cpp">
      <Filter>depends\f4se_common</Filter>
    </ClCompile>
    <ClCompile Include="depends\f4se_common\f4se_common\IDirectoryIterator.cpp">
      <Filter>depends\f4se_common</Filter>
    </ClCompile>
    <ClCompile Include="depends\f4se_common\f4se_common\IDynamicCreate.cpp">
      <Filter>depends\f4se_common</Filter>
    </ClCompile>
    <ClCompile Include="depends\f4se_common\f4se_common\IErrors.cpp">
      <Filter>depends\f4se_common</Filter>
    </ClCompile>
    <ClCompile Include="depends\f4se_common\f4se_common\IEvent.cpp">
      <Filter>depends\f4se_common</Filter>
    </ClCompile>
    <ClCompile Include="depends\f4se_common\f4se_common\IFIFO.cpp">
      <Filter>depends\f4se_common</Filter>
    </ClCompile>
    <ClCompile Include="depends\f4se_common\f4se_common\IFileStream.cpp">
      <Filter>depends\f4se_common</Filter>
    </ClCompile>
    <ClCompile Include="depends\f4se_common\f4se_common\IMemPool.cpp">
      <Filter>depends\f4se_common</Filter>
    </ClCompile>
    <ClCompile Include="depends\f4se_common\f4se_common\IMutex.cpp">
      <Filter>depends\f4se_common</Filter>
    </ClCompile>
    <ClCompile Include="depends\f4se_common\f4se_common\IPipeClient.cpp">
      <Filter>depends\f4se_common</Filter>
    </ClCompile>
    <ClCompile Include="depends\f4se_common\f4se_common\IPipeServer.cpp">
      <Filter>depends\f4se_common</Filter>
    </ClCompile>
    <ClCompile Include="depends\f4se_common\f4se_common\IReadWriteLock.cpp">
      <Filter>depends\f4se_common</Filter>
    </ClCompile>
    <ClCompile Include="depends\f4se_common\f4se_common\ISegmentStream.cpp">
      <Filter>depends\f4se_common</Filter>
    </ClCompile>
    <ClCompile Include="depends\f4se_common\f4se_common\ITextParser.cpp">
      <Filter>depends\f4se_common</Filter>
    </ClCompile>
    <ClCompile Include="depends\f4se_common\f4se_common\IThread.cpp">
      <Filter>depends\f4se_common</Filter>
    </ClCompile>
    <ClCompile Include="depends\f4se_common\f4se_common\ITimer.cpp">
      <Filter>depends\f4se_common</Filter>
    </ClCompile>
    <ClCompile Include="depends\f4se_common\f4se_common\ITypes.cpp">
      <Filter>depends\f4se_common</Filter>
    </ClCompile>
    <ClCompile Include="depends\f4se_common\f4se_common\IArchive.cpp">
      <Filter>depends\f4se_common</Filter>
    </ClCompile>
    <ClCompile Include="depends\f4se_common\f4se_common\IBufferStream.cpp">
      <Filter>depends\f4se_common</Filter>
    </ClCompile>
    <ClCompile Include="depends\f4se_common\f4se_common\IConsole.cpp">
      <Filter>depends\f4se_common</Filter>
    </ClCompile>
    <ClCompile Include="depends\f4se_common\f4se_common\IDatabase.cpp">
      <Filter>depends\f4se_common</Filter>
    </ClCompile>
    <ClCompile Include="core\TMaxStdio.cpp">
      <Filter>patches</Filter>
    </ClCompile>
    <ClCompile Include="core\TMemory.cpp">
      <Filter>patches</Filter>
    </ClCompile>
    <ClCompile Include="core\TThreads.cpp">
      <Filter>patches</Filter>
    </ClCompile>
    <ClCompile Include="core\TModSettings.cpp" />
    <ClCompile Include="core\TTime.cpp" />
    <ClCompile Include="core\TLoadScreen.cpp">
      <Filter>patches</Filter>
    </ClCompile>
    <ClCompile Include="core\TSafeExit.cpp">
      <Filter>fixes</Filter>
    </ClCompile>
    <ClCompile Include="core\TFFXQueryCrash.cpp">
      <Filter>fixes</Filter>
    </ClCompile>
    <ClCompile Include="core\THookDataHandler.cpp">
      <Filter>hooks</Filter>
    </ClCompile>
    <ClCompile Include="core\THookMenuSettings.cpp">
      <Filter>hooks</Filter>
    </ClCompile>
    <ClCompile Include="core\TJokeFriendship.cpp">
      <Filter>jokes</Filter>
    </ClCompile>
    <ClCompile Include="core\TWithoutPrefixNL.cpp">
      <Filter>fixes</Filter>
    </ClCompile>
    <ClCompile Include="core\THookCommandTable.cpp">
      <Filter>hooks</Filter>
    </ClCompile>
    <ClCompile Include="core\TNoTradeItemConfirmMessage.cpp">
      <Filter>gameplay</Filter>
    </ClCompile>
    <ClCompile Include="core\TNoPoisonConfirmMessage.cpp">
      <Filter>gameplay</Filter>
    </ClCompile>
    <ClCompile Include="core\TNoScriptMessageBox.cpp">
      <Filter>gameplay</Filter>
    </ClCompile>
    <ClCompile Include="core\TNoTradeSpellConfirmMessage.cpp">
      <Filter>gameplay</Filter>
    </ClCompile>
    <ClCompile Include="core\TNoRechargeConfirmMessage.cpp">
      <Filter>gameplay</Filter>
    </ClCompile>
    <ClCompile Include="core\TNoRepairConfirmMessage.cpp">
      <Filter>gameplay</Filter>
    </ClCompile>
  </ItemGroup>
  <ItemGroup>
    <None Include="depends\f4se_common\f4se_common\IDatabase.inc">
      <Filter>depends\f4se_common</Filter>
    </None>
  </ItemGroup>
</Project>